<?xml version="1.0" encoding="UTF-8" standalone="yes" ?>
<CodeBlocks_project_file>
	<FileVersion major="1" minor="6" />
	<Project>
		<Option title="FaustApi" />
		<Option pch_mode="2" />
		<Option compiler="gcc" />
		<Build>
			<Target title="Debug">
				<Option output="bin/Debug/FaustApi" prefix_auto="1" extension_auto="1" />
				<Option object_output="obj/Debug/" />
				<Option type="1" />
				<Option compiler="gcc" />
				<Compiler>
					<Add option="-g" />
				</Compiler>
			</Target>
			<Target title="Release">
				<Option output="bin/Release/FaustApi" prefix_auto="1" extension_auto="1" />
				<Option object_output="obj/Release/" />
				<Option type="1" />
				<Option compiler="gcc" />
				<Compiler>
					<Add option="-O2" />
				</Compiler>
				<Linker>
					<Add option="-s" />
				</Linker>
			</Target>
		</Build>
		<Compiler>
			<Add option="-Wall" />
		</Compiler>
		<Unit filename="csharp/faust_api.cpp" />
		<Unit filename="csharp/faust_api.hpp" />
		<Unit filename="jni/DspFaust.cpp" />
		<Unit filename="jni/DspFaust.hpp" />
		<Unit filename="jni/android_graph_adapter.cpp" />
		<Unit filename="jni/android_graph_adapter.hpp" />
		<Unit filename="jni/faust_api.cpp" />
		<Unit filename="jni/faust_api.hpp" />
		<Unit filename="src/graph_manager.cpp" />
		<Unit filename="src/graph_manager.hpp" />
		<Unit filename="src/patch.cpp" />
		<Unit filename="src/patch.hpp" />
		<Unit filename="src/patch_factory.cpp" />
		<Unit filename="src/patch_factory.hpp" />
		<Unit filename="src/patchs/dac.cpp" />
		<Unit filename="src/patchs/dac.hpp" />
		<Unit filename="src/patchs/dummy.cpp" />
		<Unit filename="src/patchs/dummy.hpp" />
		<Unit filename="src/patchs/eg.cpp" />
		<Unit filename="src/patchs/eg.hpp" />
		<Unit filename="src/patchs/vco.cpp" />
		<Unit filename="src/patchs/vco.hpp" />
		<Extensions>
			<code_completion />
			<envvars />
			<debugger />
		</Extensions>
	</Project>
</CodeBlocks_project_file>
